{
  "version": 4,
  "terraform_version": "1.1.3",
  "serial": 4,
  "lineage": "b83a376b-6de8-7bd3-ca9a-390e9722a80b",
  "outputs": {
    "key_alias": {
      "value": "alias/ec2key",
      "type": "string"
    },
    "key_arn": {
      "value": "be67864a-9fcb-413d-a325-d87186176c9e",
      "type": "string"
    }
  },
  "resources": [
    {
      "module": "module.kms",
      "mode": "managed",
      "type": "aws_kms_alias",
      "name": "this",
      "provider": "provider[\"registry.terraform.io/hashicorp/aws\"].src",
      "instances": [
        {
          "schema_version": 0,
          "attributes": {
            "arn": "arn:aws:kms:eu-west-1:101536522709:alias/ec2key",
            "id": "alias/ec2key",
            "name": "alias/ec2key",
            "name_prefix": "",
            "target_key_arn": "arn:aws:kms:eu-west-1:101536522709:key/be67864a-9fcb-413d-a325-d87186176c9e",
            "target_key_id": "be67864a-9fcb-413d-a325-d87186176c9e"
          },
          "sensitive_attributes": [],
          "private": "bnVsbA==",
          "dependencies": [
            "module.kms.aws_kms_key.this"
          ]
        }
      ]
    },
    {
      "module": "module.kms",
      "mode": "managed",
      "type": "aws_kms_key",
      "name": "this",
      "provider": "provider[\"registry.terraform.io/hashicorp/aws\"].src",
      "instances": [
        {
          "schema_version": 0,
          "attributes": {
            "arn": "arn:aws:kms:eu-west-1:101536522709:key/be67864a-9fcb-413d-a325-d87186176c9e",
            "bypass_policy_lockout_safety_check": false,
            "customer_master_key_spec": "SYMMETRIC_DEFAULT",
            "deletion_window_in_days": 10,
            "description": "EC2 instance encrypt key",
            "enable_key_rotation": false,
            "id": "be67864a-9fcb-413d-a325-d87186176c9e",
            "is_enabled": true,
            "key_id": "be67864a-9fcb-413d-a325-d87186176c9e",
            "key_usage": "ENCRYPT_DECRYPT",
            "multi_region": false,
            "policy": "{\"Id\":\"key-default-1\",\"Statement\":[{\"Action\":\"kms:*\",\"Effect\":\"Allow\",\"Principal\":{\"AWS\":\"arn:aws:iam::101536522709:root\"},\"Resource\":\"*\",\"Sid\":\"Enable IAM User Permissions\"}],\"Version\":\"2012-10-17\"}",
            "tags": {},
            "tags_all": {}
          },
          "sensitive_attributes": [],
          "private": "bnVsbA=="
        }
      ]
    }
  ]
}
